
Microsoft Visual Studio Solution File, Format Version 12.00
# Visual Studio Version 16
VisualStudioVersion = 16.0.31702.278
MinimumVisualStudioVersion = 10.0.40219.1
Project("{FAE04EC0-301F-11D3-BF4B-00C04F79EFBC}") = "4lab_Kondratenko", "4lab_Kondratenko.csproj", "{D53F7614-897C-48FE-9D27-735F2214B7F6}"
EndProject
Global
	GlobalSection(SolutionConfigurationPlatforms) = preSolution
		Debug|Any CPU = Debug|Any CPU
		Release|Any CPU = Release|Any CPU
	EndGlobalSection
	GlobalSection(ProjectConfigurationPlatforms) = postSolution
		{D53F7614-897C-48FE-9D27-735F2214B7F6}.Debug|Any CPU.ActiveCfg = Debug|Any CPU
		{D53F7614-897C-48FE-9D27-735F2214B7F6}.Debug|Any CPU.Build.0 = Debug|Any CPU
		{D53F7614-897C-48FE-9D27-735F2214B7F6}.Release|Any CPU.ActiveCfg = Release|Any CPU
		{D53F7614-897C-48FE-9D27-735F2214B7F6}.Release|Any CPU.Build.0 = Release|Any CPU
	EndGlobalSection
	GlobalSection(SolutionProperties) = preSolution
		HideSolutionNode = FALSE
	EndGlobalSection
	GlobalSection(ExtensibilityGlobals) = postSolution
		SolutionGuid = {1C1BD90F-0824-429C-80B2-F780BF163284}
	EndGlobalSection
EndGlobal
